{
  "pins" : [
    {
      "identity" : "alamofire",
      "kind" : "remoteSourceControl",
      "location" : "https://github.com/Alamofire/Alamofire.git",
      "state" : {
        "revision" : "3dc6a42c7727c49bf26508e29b0a0b35f9c7e1ad",
        "version" : "5.8.1"
      }
    },
    {
      "identity" : "charts",
      "kind" : "remoteSourceControl",
      "location" : "https://github.com/danielgindi/Charts.git",
      "state" : {
        "revision" : "0a229f8c914b0ec93798cee058cf75b339297513",
        "version" : "5.0.0"
      }
    },
    {
      "identity" : "jgprogresshud",
      "kind" : "remoteSourceControl",
      "location" : "https://github.com/JonasGessner/JGProgressHUD.git",
      "state" : {
        "revision" : "78d7cd35f1d90ff74fd82e486f2cbe4b24be8cf9",
        "version" : "2.2.0"
      }
    },
    {
      "identity" : "realm-core",
      "kind" : "remoteSourceControl",
      "location" : "https://github.com/realm/realm-core.git",
      "state" : {
        "revision" : "7227d6a447821c28895daa099b6c7cd4c99d461b",
        "version" : "13.25.1"
      }
    },
    {
      "identity" : "realm-swift",
      "kind" : "remoteSourceControl",
      "location" : "https://github.com/realm/realm-swift.git",
      "state" : {
        "branch" : "master",
        "revision" : "72a0e6a09c6f355eb760cfdaeebacf612c3ac211"
      }
    }
  ],
  "version" : 2
}
